// !$*UTF8*$!
{
	archiveVersion = 1;
	classes = {
	};
	objectVersion = 77;
	objects = {

/* Begin PBXContainerItemProxy section */
		1F361F462F882FDC00302B87 /* PBXContainerItemProxy */ = {
			isa = PBXContainerItemProxy;
			containerPortal = 1F361F2B2F882FDA00302B87 /* Project object */;
			proxyType = 1;
			remoteGlobalIDString = 1F361F322F882FDA00302B87;
			remoteInfo = IOS_CW2_Supportives;
		};
		1F361F502F882FDC00302B87 /* PBXContainerItemProxy */ = {
			isa = PBXContainerItemProxy;
			containerPortal = 1F361F2B2F882FDA00302B87 /* Project object */;
			proxyType = 1;
			remoteGlobalIDString = 1F361F322F882FDA00302B87;
			remoteInfo = IOS_CW2_Supportives;
		};
/* End PBXContainerItemProxy section */

/* Begin PBXFileReference section */
		1F361F332F882FDB00302B87 /* IOS_CW2_Supportives.app */ = {isa = PBXFileReference; explicitFileType = wrapper.application; includeInIndex = 0; path = IOS_CW2_Supportives.app; sourceTree = BUILT_PRODUCTS_DIR; };
		1F361F452F882FDC00302B87 /* IOS_CW2_SupportivesTests.xctest */ = {isa = PBXFileReference; explicitFileType = wrapper.cfbundle; includeInIndex = 0; path = IOS_CW2_SupportivesTests.xctest; sourceTree = BUILT_PRODUCTS_DIR; };
		1F361F4F2F882FDC00302B87 /* IOS_CW2_SupportivesUITests.xctest */ = {isa = PBXFileReference; explicitFileType = wrapper.cfbundle; includeInIndex = 0; path = IOS_CW2_SupportivesUITests.xctest; sourceTree = BUILT_PRODUCTS_DIR; };
/* End PBXFileReference section */

/* Begin PBXFileSystemSynchronizedRootGroup section */
		1F361F352F882FDB00302B87 /* IOS_CW2_Supportives */ = {
			isa = PBXFileSystemSynchronizedRootGroup;
			path = IOS_CW2_Supportives;
			sourceTree = "<group>";
		};
		1F361F482F882FDC00302B87 /* IOS_CW2_SupportivesTests */ = {
			isa = PBXFileSystemSynchronizedRootGroup;
			path = IOS_CW2_SupportivesTests;
			sourceTree = "<group>";
		};
		1F361F522F882FDC00302B87 /* IOS_CW2_SupportivesUITests */ = {
			isa = PBXFileSystemSynchronizedRootGroup;
			path = IOS_CW2_SupportivesUITests;
			sourceTree = "<group>";
		};
/* End PBXFileSystemSynchronizedRootGroup section */

/* Begin PBXFrameworksBuildPhase section */
		1F361F302F882FDA00302B87 /* Frameworks */ = {
			isa = PBXFrameworksBuildPhase;
			buildActionMask = 2147483647;
			files = (
			);
			runOnlyForDeploymentPostprocessing = 0;
		};
		1F361F422F882FDC00302B87 /* Frameworks */ = {
			isa = PBXFrameworksBuildPhase;
			buildActionMask = 2147483647;
			files = (
			);
			runOnlyForDeploymentPostprocessing = 0;
		};
		1F361F4C2F882FDC00302B87 /* Frameworks */ = {
			isa = PBXFrameworksBuildPhase;
			buildActionMask = 2147483647;
			files = (
			);
			runOnlyForDeploymentPostprocessing = 0;
		};
/* End PBXFrameworksBuildPhase section */

/* Begin PBXGroup section */
		1F361F2A2F882FDA00302B87 = {
			isa = PBXGroup;
			children = (
				1F361F352F882FDB00302B87 /* IOS_CW2_Supportives */,
				1F361F482F882FDC00302B87 /* IOS_CW2_SupportivesTests */,
				1F361F522F882FDC00302B87 /* IOS_CW2_SupportivesUITests */,
				1F361F342F882FDB00302B87 /* Products */,
			);
			sourceTree = "<group>";
		};
		1F361F342F882FDB00302B87 /* Products */ = {
			isa = PBXGroup;
			children = (
				1F361F332F882FDB00302B87 /* IOS_CW2_Supportives.app */,
				1F361F452F882FDC00302B87 /* IOS_CW2_SupportivesTests.xctest */,
				1F361F4F2F882FDC00302B87 /* IOS_CW2_SupportivesUITests.xctest */,
			);
			name = Products;
			sourceTree = "<group>";
		};
/* End PBXGroup section */

/* Begin PBXNativeTarget section */
		1F361F322F882FDA00302B87 /* IOS_CW2_Supportives */ = {
			isa = PBXNativeTarget;
			buildConfigurationList = 1F361F592F882FDC00302B87 /* Build configuration list for PBXNativeTarget "IOS_CW2_Supportives" */;
			buildPhases = (
				1F361F2F2F882FDA00302B87 /* Sources */,
				1F361F302F882FDA00302B87 /* Frameworks */,
				1F361F312F882FDA00302B87 /* Resources */,
			);
			buildRules = (
			);
			dependencies = (
			);
			fileSystemSynchronizedGroups = (
				1F361F352F882FDB00302B87 /* IOS_CW2_Supportives */,
			);
			name = IOS_CW2_Supportives;
			packageProductDependencies = (
			);
			productName = IOS_CW2_Supportives;
			productReference = 1F361F332F882FDB00302B87 /* IOS_CW2_Supportives.app */;
			productType = "com.apple.product-type.application";
		};
		1F361F442F882FDC00302B87 /* IOS_CW2_SupportivesTests */ = {
			isa = PBXNativeTarget;
			buildConfigurationList = 1F361F5C2F882FDC00302B87 /* Build configuration list for PBXNativeTarget "IOS_CW2_SupportivesTests" */;
			buildPhases = (
				1F361F412F882FDC00302B87 /* Sources */,
				1F361F422F882FDC00302B87 /* Frameworks */,
				1F361F432F882FDC00302B87 /* Resources */,
			);
			buildRules = (
			);
			dependencies = (
				1F361F472F882FDC00302B87 /* PBXTargetDependency */,
			);
			fileSystemSynchronizedGroups = (
				1F361F482F882FDC00302B87 /* IOS_CW2_SupportivesTests */,
			);
			name = IOS_CW2_SupportivesTests;
			packageProductDependencies = (
			);
			productName = IOS_CW2_SupportivesTests;
			productReference = 1F361F452F882FDC00302B87 /* IOS_CW2_SupportivesTests.xctest */;
			productType = "com.apple.product-type.bundle.unit-test";
		};
		1F361F4E2F882FDC00302B87 /* IOS_CW2_SupportivesUITests */ = {
			isa = PBXNativeTarget;
			buildConfigurationList = 1F361F5F2F882FDC00302B87 /* Build configuration list for PBXNativeTarget "IOS_CW2_SupportivesUITests" */;
			buildPhases = (
				1F361F4B2F882FDC00302B87 /* Sources */,
				1F361F4C2F882FDC00302B87 /* Frameworks */,
				1F361F4D2F882FDC00302B87 /* Resources */,
			);
			buildRules = (
			);
			dependencies = (
				1F361F512F882FDC00302B87 /* PBXTargetDependency */,
			);
			fileSystemSynchronizedGroups = (
				1F361F522F882FDC00302B87 /* IOS_CW2_SupportivesUITests */,
			);
			name = IOS_CW2_SupportivesUITests;
			packageProductDependencies = (
			);
			productName = IOS_CW2_SupportivesUITests;
			productReference = 1F361F4F2F882FDC00302B87 /* IOS_CW2_SupportivesUITests.xctest */;
			productType = "com.apple.product-type.bundle.ui-testing";
		};
/* End PBXNativeTarget section */

/* Begin PBXProject section */
		1F361F2B2F882FDA00302B87 /* Project object */ = {
			isa = PBXProject;
			attributes = {
				BuildIndependentTargetsInParallel = 1;
				LastSwiftUpdateCheck = 2640;
				LastUpgradeCheck = 2640;
				TargetAttributes = {
					1F361F322F882FDA00302B87 = {
						CreatedOnToolsVersion = 26.4;
					};
					1F361F442F882FDC00302B87 = {
						CreatedOnToolsVersion = 26.4;
						TestTargetID = 1F361F322F882FDA00302B87;
					};
					1F361F4E2F882FDC00302B87 = {
						CreatedOnToolsVersion = 26.4;
						TestTargetID = 1F361F322F882FDA00302B87;
					};
				};
			};
			buildConfigurationList = 1F361F2E2F882FDA00302B87 /* Build configuration list for PBXProject "IOS_CW2_Supportives" */;
			developmentRegion = en;
			hasScannedForEncodings = 0;
			knownRegions = (
				en,
				Base,
			);
			mainGroup = 1F361F2A2F882FDA00302B87;
			minimizedProjectReferenceProxies = 1;
			preferredProjectObjectVersion = 77;
			productRefGroup = 1F361F342F882FDB00302B87 /* Products */;
			projectDirPath = "";
			projectRoot = "";
			targets = (
				1F361F322F882FDA00302B87 /* IOS_CW2_Supportives */,
				1F361F442F882FDC00302B87 /* IOS_CW2_SupportivesTests */,
				1F361F4E2F882FDC00302B87 /* IOS_CW2_SupportivesUITests */,
			);
		};
/* End PBXProject section */

/* Begin PBXResourcesBuildPhase section */
		1F361F312F882FDA00302B87 /* Resources */ = {
			isa = PBXResourcesBuildPhase;
			buildActionMask = 2147483647;
			files = (
			);
			runOnlyForDeploymentPostprocessing = 0;
		};
		1F361F432F882FDC00302B87 /* Resources */ = {
			isa = PBXResourcesBuildPhase;
			buildActionMask = 2147483647;
			files = (
			);
			runOnlyForDeploymentPostprocessing = 0;
		};
		1F361F4D2F882FDC00302B87 /* Resources */ = {
			isa = PBXResourcesBuildPhase;
			buildActionMask = 2147483647;
			files = (
			);
			runOnlyForDeploymentPostprocessing = 0;
		};
/* End PBXResourcesBuildPhase section */

/* Begin PBXSourcesBuildPhase section */
		1F361F2F2F882FDA00302B87 /* Sources */ = {
			isa = PBXSourcesBuildPhase;
			buildActionMask = 2147483647;
			files = (
			);
			runOnlyForDeploymentPostprocessing = 0;
		};
		1F361F412F882FDC00302B87 /* Sources */ = {
			isa = PBXSourcesBuildPhase;
			buildActionMask = 2147483647;
			files = (
			);
			runOnlyForDeploymentPostprocessing = 0;
		};
		1F361F4B2F882FDC00302B87 /* Sources */ = {
			isa = PBXSourcesBuildPhase;
			buildActionMask = 2147483647;
			files = (
			);
			runOnlyForDeploymentPostprocessing = 0;
		};
/* End PBXSourcesBuildPhase section */

/* Begin PBXTargetDependency section */
		1F361F472F882FDC00302B87 /* PBXTargetDependency */ = {
			isa = PBXTargetDependency;
			target = 1F361F322F882FDA00302B87 /* IOS_CW2_Supportives */;
			targetProxy = 1F361F462F882FDC00302B87 /* PBXContainerItemProxy */;
		};
		1F361F512F882FDC00302B87 /* PBXTargetDependency */ = {
			isa = PBXTargetDependency;
			target = 1F361F322F882FDA00302B87 /* IOS_CW2_Supportives */;
			targetProxy = 1F361F502F882FDC00302B87 /* PBXContainerItemProxy */;
		};
/* End PBXTargetDependency section */

/* Begin XCBuildConfiguration section */
		1F361F572F882FDC00302B87 /* Debug */ = {
			isa = XCBuildConfiguration;
			buildSettings = {
				ALWAYS_SEARCH_USER_PATHS = NO;
				ASSETCATALOG_COMPILER_GENERATE_SWIFT_ASSET_SYMBOL_EXTENSIONS = YES;
				CLANG_ANALYZER_NONNULL = YES;
				CLANG_ANALYZER_NUMBER_OBJECT_CONVERSION = YES_AGGRESSIVE;
				CLANG_CXX_LANGUAGE_STANDARD = "gnu++20";
				CLANG_ENABLE_MODULES = YES;
				CLANG_ENABLE_OBJC_ARC = YES;
				CLANG_ENABLE_OBJC_WEAK = YES;
				CLANG_WARN_BLOCK_CAPTURE_AUTORELEASING = YES;
				CLANG_WARN_BOOL_CONVERSION = YES;
				CLANG_WARN_COMMA = YES;
				CLANG_WARN_CONSTANT_CONVERSION = YES;
				CLANG_WARN_DEPRECATED_OBJC_IMPLEMENTATIONS = YES;
				CLANG_WARN_DIRECT_OBJC_ISA_USAGE = YES_ERROR;
				CLANG_WARN_DOCUMENTATION_COMMENTS = YES;
				CLANG_WARN_EMPTY_BODY = YES;
				CLANG_WARN_ENUM_CONVERSION = YES;
				CLANG_WARN_INFINITE_RECURSION = YES;
				CLANG_WARN_INT_CONVERSION = YES;
				CLANG_WARN_NON_LITERAL_NULL_CONVERSION = YES;
				CLANG_WARN_OBJC_IMPLICIT_RETAIN_SELF = YES;
				CLANG_WARN_OBJC_LITERAL_CONVERSION = YES;
				CLANG_WARN_OBJC_ROOT_CLASS = YES_ERROR;
				CLANG_WARN_QUOTED_INCLUDE_IN_FRAMEWORK_HEADER = YES;
				CLANG_WARN_RANGE_LOOP_ANALYSIS = YES;
				CLANG_WARN_STRICT_PROTOTYPES = YES;
				CLANG_WARN_SUSPICIOUS_MOVE = YES;
				CLANG_WARN_UNGUARDED_AVAILABILITY = YES_AGGRESSIVE;
				CLANG_WARN_UNREACHABLE_CODE = YES;
				CLANG_WARN__DUPLICATE_METHOD_MATCH = YES;
				COPY_PHASE_STRIP = NO;
				DEBUG_INFORMATION_FORMAT = dwarf;
				ENABLE_STRICT_OBJC_MSGSEND = YES;
				ENABLE_TESTABILITY = YES;
				ENABLE_USER_SCRIPT_SANDBOXING = YES;
				GCC_C_LANGUAGE_STANDARD = gnu17;
				GCC_DYNAMIC_NO_PIC = NO;
				GCC_NO_COMMON_BLOCKS = YES;
				GCC_OPTIMIZATION_LEVEL = 0;
				GCC_PREPROCESSOR_DEFINITIONS = (
					"DEBUG=1",
					"$(inherited)",
				);
				GCC_WARN_64_TO_32_BIT_CONVERSION = YES;
				GCC_WARN_ABOUT_RETURN_TYPE = YES_ERROR;
				GCC_WARN_UNDECLARED_SELECTOR = YES;
				GCC_WARN_UNINITIALIZED_AUTOS = YES_AGGRESSIVE;
				GCC_WARN_UNUSED_FUNCTION = YES;
				GCC_WARN_UNUSED_VARIABLE = YES;
				IPHONEOS_DEPLOYMENT_TARGET = 26.4;
				LOCALIZATION_PREFERS_STRING_CATALOGS = YES;
				MTL_ENABLE_DEBUG_INFO = INCLUDE_SOURCE;
				MTL_FAST_MATH = YES;
				ONLY_ACTIVE_ARCH = YES;
				SDKROOT = iphoneos;
				SWIFT_ACTIVE_COMPILATION_CONDITIONS = "DEBUG $(inherited)";
				SWIFT_OPTIMIZATION_LEVEL = "-Onone";
			};
			name = Debug;
		};
		1F361F582F882FDC00302B87 /* Release */ = {
			isa = XCBuildConfiguration;
			buildSettings = {
				ALWAYS_SEARCH_USER_PATHS = NO;
				ASSETCATALOG_COMPILER_GENERATE_SWIFT_ASSET_SYMBOL_EXTENSIONS = YES;
				CLANG_ANALYZER_NONNULL = YES;
				CLANG_ANALYZER_NUMBER_OBJECT_CONVERSION = YES_AGGRESSIVE;
				CLANG_CXX_LANGUAGE_STANDARD = "gnu++20";
				CLANG_ENABLE_MODULES = YES;
				CLANG_ENABLE_OBJC_ARC = YES;
				CLANG_ENABLE_OBJC_WEAK = YES;
				CLANG_WARN_BLOCK_CAPTURE_AUTORELEASING = YES;
				CLANG_WARN_BOOL_CONVERSION = YES;
				CLANG_WARN_COMMA = YES;
				CLANG_WARN_CONSTANT_CONVERSION = YES;
				CLANG_WARN_DEPRECATED_OBJC_IMPLEMENTATIONS = YES;
				CLANG_WARN_DIRECT_OBJC_ISA_USAGE = YES_ERROR;
				CLANG_WARN_DOCUMENTATION_COMMENTS = YES;
				CLANG_WARN_EMPTY_BODY = YES;
				CLANG_WARN_ENUM_CONVERSION = YES;
				CLANG_WARN_INFINITE_RECURSION = YES;
				CLANG_WARN_INT_CONVERSION = YES;
				CLANG_WARN_NON_LITERAL_NULL_CONVERSION = YES;
				CLANG_WARN_OBJC_IMPLICIT_RETAIN_SELF = YES;
				CLANG_WARN_OBJC_LITERAL_CONVERSION = YES;
				CLANG_WARN_OBJC_ROOT_CLASS = YES_ERROR;
				CLANG_WARN_QUOTED_INCLUDE_IN_FRAMEWORK_HEADER = YES;
				CLANG_WARN_RANGE_LOOP_ANALYSIS = YES;
				CLANG_WARN_STRICT_PROTOTYPES = YES;
				CLANG_WARN_SUSPICIOUS_MOVE = YES;
				CLANG_WARN_UNGUARDED_AVAILABILITY = YES_AGGRESSIVE;
				CLANG_WARN_UNREACHABLE_CODE = YES;
				CLANG_WARN__DUPLICATE_METHOD_MATCH = YES;
				COPY_PHASE_STRIP = NO;
				DEBUG_INFORMATION_FORMAT = "dwarf-with-dsym";
				ENABLE_NS_ASSERTIONS = NO;
				ENABLE_STRICT_OBJC_MSGSEND = YES;
				ENABLE_USER_SCRIPT_SANDBOXING = YES;
				GCC_C_LANGUAGE_STANDARD = gnu17;
				GCC_NO_COMMON_BLOCKS = YES;
				GCC_WARN_64_TO_32_BIT_CONVERSION = YES;
				GCC_WARN_ABOUT_RETURN_TYPE = YES_ERROR;
				GCC_WARN_UNDECLARED_SELECTOR = YES;
				GCC_WARN_UNINITIALIZED_AUTOS = YES_AGGRESSIVE;
				GCC_WARN_UNUSED_FUNCTION = YES;
				GCC_WARN_UNUSED_VARIABLE = YES;
				IPHONEOS_DEPLOYMENT_TARGET = 26.4;
				LOCALIZATION_PREFERS_STRING_CATALOGS = YES;
				MTL_ENABLE_DEBUG_INFO = NO;
				MTL_FAST_MATH = YES;
				SDKROOT = iphoneos;
				SWIFT_COMPILATION_MODE = wholemodule;
				VALIDATE_PRODUCT = YES;
			};
			name = Release;
		};
		1F361F5A2F882FDC00302B87 /* Debug */ = {
			isa = XCBuildConfiguration;
			buildSettings = {
				ASSETCATALOG_COMPILER_APPICON_NAME = AppIcon;
				ASSETCATALOG_COMPILER_GLOBAL_ACCENT_COLOR_NAME = AccentColor;
				CODE_SIGN_STYLE = Automatic;
				CURRENT_PROJECT_VERSION = 1;
				ENABLE_PREVIEWS = YES;
				GENERATE_INFOPLIST_FILE = YES;
				INFOPLIST_KEY_NSCalendarsUsageDescription = "Supportives would like to save your bookings to your Calendar.";
				INFOPLIST_KEY_NSCalendarsWriteOnlyAccessUsageDescription = "Supportives would like to save your bookings to your Calendar.";
				INFOPLIST_KEY_NSCameraUsageDescription = "Supportives uses the camera to take your verification selfie.";
				INFOPLIST_KEY_NSFaceIDUsageDescription = "Supportives uses Face ID to securely unlock the app.";
				INFOPLIST_KEY_NSLocationAlwaysAndWhenInUseUsageDescription = "Supportives uses your location to show nearby service providers.";
				INFOPLIST_KEY_NSLocationWhenInUseUsageDescription = "Supportives uses your location to show nearby service providers.";
				INFOPLIST_KEY_NSPhotoLibraryUsageDescription = "Supportives needs access to your Photo Library for identity verification.";
				INFOPLIST_KEY_UIApplicationSceneManifest_Generation = YES;
				INFOPLIST_KEY_UIApplicationSupportsIndirectInputEvents = YES;
				INFOPLIST_KEY_UILaunchScreen_Generation = YES;
				INFOPLIST_KEY_UISupportedInterfaceOrientations_iPad = "UIInterfaceOrientationPortrait UIInterfaceOrientationPortraitUpsideDown UIInterfaceOrientationLandscapeLeft UIInterfaceOrientationLandscapeRight";
				INFOPLIST_KEY_UISupportedInterfaceOrientations_iPhone = "UIInterfaceOrientationPortrait UIInterfaceOrientationLandscapeLeft UIInterfaceOrientationLandscapeRight";
				LD_RUNPATH_SEARCH_PATHS = (
					"$(inherited)",
					"@executable_path/Frameworks",
				);
				MARKETING_VERSION = 1.0;
				PRODUCT_BUNDLE_IDENTIFIER = "com.ios.IOS-CW2-Supportives";
				PRODUCT_NAME = "$(TARGET_NAME)";
				STRING_CATALOG_GENERATE_SYMBOLS = YES;
				SWIFT_APPROACHABLE_CONCURRENCY = YES;
				SWIFT_DEFAULT_ACTOR_ISOLATION = MainActor;
				SWIFT_EMIT_LOC_STRINGS = YES;
				SWIFT_UPCOMING_FEATURE_MEMBER_IMPORT_VISIBILITY = YES;
				SWIFT_VERSION = 5.0;
				TARGETED_DEVICE_FAMILY = "1,2";
			};
			name = Debug;
		};
		1F361F5B2F882FDC00302B87 /* Release */ = {
			isa = XCBuildConfiguration;
			buildSettings = {
				ASSETCATALOG_COMPILER_APPICON_NAME = AppIcon;
				ASSETCATALOG_COMPILER_GLOBAL_ACCENT_COLOR_NAME = AccentColor;
				CODE_SIGN_STYLE = Automatic;
				CURRENT_PROJECT_VERSION = 1;
				ENABLE_PREVIEWS = YES;
				GENERATE_INFOPLIST_FILE = YES;
				INFOPLIST_KEY_NSCalendarsUsageDescription = "Supportives would like to save your bookings to your Calendar.";
				INFOPLIST_KEY_NSCalendarsWriteOnlyAccessUsageDescription = "Supportives would like to save your bookings to your Calendar.";
				INFOPLIST_KEY_NSCameraUsageDescription = "Supportives uses the camera to take your verification selfie.";
				INFOPLIST_KEY_NSFaceIDUsageDescription = "Supportives uses Face ID to securely unlock the app.";
				INFOPLIST_KEY_NSLocationAlwaysAndWhenInUseUsageDescription = "Supportives uses your location to show nearby service providers.";
				INFOPLIST_KEY_NSLocationWhenInUseUsageDescription = "Supportives uses your location to show nearby service providers.";
				INFOPLIST_KEY_NSPhotoLibraryUsageDescription = "Supportives needs access to your Photo Library for identity verification.";
				INFOPLIST_KEY_UIApplicationSceneManifest_Generation = YES;
				INFOPLIST_KEY_UIApplicationSupportsIndirectInputEvents = YES;
				INFOPLIST_KEY_UILaunchScreen_Generation = YES;
				INFOPLIST_KEY_UISupportedInterfaceOrientations_iPad = "UIInterfaceOrientationPortrait UIInterfaceOrientationPortraitUpsideDown UIInterfaceOrientationLandscapeLeft UIInterfaceOrientationLandscapeRight";
				INFOPLIST_KEY_UISupportedInterfaceOrientations_iPhone = "UIInterfaceOrientationPortrait UIInterfaceOrientationLandscapeLeft UIInterfaceOrientationLandscapeRight";
				LD_RUNPATH_SEARCH_PATHS = (
					"$(inherited)",
					"@executable_path/Frameworks",
				);
				MARKETING_VERSION = 1.0;
				PRODUCT_BUNDLE_IDENTIFIER = "com.ios.IOS-CW2-Supportives";
				PRODUCT_NAME = "$(TARGET_NAME)";
				STRING_CATALOG_GENERATE_SYMBOLS = YES;
				SWIFT_APPROACHABLE_CONCURRENCY = YES;
				SWIFT_DEFAULT_ACTOR_ISOLATION = MainActor;
				SWIFT_EMIT_LOC_STRINGS = YES;
				SWIFT_UPCOMING_FEATURE_MEMBER_IMPORT_VISIBILITY = YES;
				SWIFT_VERSION = 5.0;
				TARGETED_DEVICE_FAMILY = "1,2";
			};
			name = Release;
		};
		1F361F5D2F882FDC00302B87 /* Debug */ = {
			isa = XCBuildConfiguration;
			buildSettings = {
				BUNDLE_LOADER = "$(TEST_HOST)";
				CODE_SIGN_STYLE = Automatic;
				CURRENT_PROJECT_VERSION = 1;
				GENERATE_INFOPLIST_FILE = YES;
				IPHONEOS_DEPLOYMENT_TARGET = 26.4;
				MARKETING_VERSION = 1.0;
				PRODUCT_BUNDLE_IDENTIFIER = "com.ios.IOS-CW2-SupportivesTests";
				PRODUCT_NAME = "$(TARGET_NAME)";
				STRING_CATALOG_GENERATE_SYMBOLS = NO;
				SWIFT_APPROACHABLE_CONCURRENCY = YES;
				SWIFT_EMIT_LOC_STRINGS = NO;
				SWIFT_UPCOMING_FEATURE_MEMBER_IMPORT_VISIBILITY = YES;
				SWIFT_VERSION = 5.0;
				TARGETED_DEVICE_FAMILY = "1,2";
				TEST_HOST = "$(BUILT_PRODUCTS_DIR)/IOS_CW2_Supportives.app/$(BUNDLE_EXECUTABLE_FOLDER_PATH)/IOS_CW2_Supportives";
			};
			name = Debug;
		};
		1F361F5E2F882FDC00302B87 /* Release */ = {
			isa = XCBuildConfiguration;
			buildSettings = {
				BUNDLE_LOADER = "$(TEST_HOST)";
				CODE_SIGN_STYLE = Automatic;
				CURRENT_PROJECT_VERSION = 1;
				GENERATE_INFOPLIST_FILE = YES;
				IPHONEOS_DEPLOYMENT_TARGET = 26.4;
				MARKETING_VERSION = 1.0;
				PRODUCT_BUNDLE_IDENTIFIER = "com.ios.IOS-CW2-SupportivesTests";
				PRODUCT_NAME = "$(TARGET_NAME)";
				STRING_CATALOG_GENERATE_SYMBOLS = NO;
				SWIFT_APPROACHABLE_CONCURRENCY = YES;
				SWIFT_EMIT_LOC_STRINGS = NO;
				SWIFT_UPCOMING_FEATURE_MEMBER_IMPORT_VISIBILITY = YES;
				SWIFT_VERSION = 5.0;
				TARGETED_DEVICE_FAMILY = "1,2";
				TEST_HOST = "$(BUILT_PRODUCTS_DIR)/IOS_CW2_Supportives.app/$(BUNDLE_EXECUTABLE_FOLDER_PATH)/IOS_CW2_Supportives";
			};
			name = Release;
		};
		1F361F602F882FDC00302B87 /* Debug */ = {
			isa = XCBuildConfiguration;
			buildSettings = {
				CODE_SIGN_STYLE = Automatic;
				CURRENT_PROJECT_VERSION = 1;
				GENERATE_INFOPLIST_FILE = YES;
				MARKETING_VERSION = 1.0;
				PRODUCT_BUNDLE_IDENTIFIER = "com.ios.IOS-CW2-SupportivesUITests";
				PRODUCT_NAME = "$(TARGET_NAME)";
				STRING_CATALOG_GENERATE_SYMBOLS = NO;
				SWIFT_APPROACHABLE_CONCURRENCY = YES;
				SWIFT_EMIT_LOC_STRINGS = NO;
				SWIFT_UPCOMING_FEATURE_MEMBER_IMPORT_VISIBILITY = YES;
				SWIFT_VERSION = 5.0;
				TARGETED_DEVICE_FAMILY = "1,2";
				TEST_TARGET_NAME = IOS_CW2_Supportives;
			};
			name = Debug;
		};
		1F361F612F882FDC00302B87 /* Release */ = {
			isa = XCBuildConfiguration;
			buildSettings = {
				CODE_SIGN_STYLE = Automatic;
				CURRENT_PROJECT_VERSION = 1;
				GENERATE_INFOPLIST_FILE = YES;
				MARKETING_VERSION = 1.0;
				PRODUCT_BUNDLE_IDENTIFIER = "com.ios.IOS-CW2-SupportivesUITests";
				PRODUCT_NAME = "$(TARGET_NAME)";
				STRING_CATALOG_GENERATE_SYMBOLS = NO;
				SWIFT_APPROACHABLE_CONCURRENCY = YES;
				SWIFT_EMIT_LOC_STRINGS = NO;
				SWIFT_UPCOMING_FEATURE_MEMBER_IMPORT_VISIBILITY = YES;
				SWIFT_VERSION = 5.0;
				TARGETED_DEVICE_FAMILY = "1,2";
				TEST_TARGET_NAME = IOS_CW2_Supportives;
			};
			name = Release;
		};
/* End XCBuildConfiguration section */

/* Begin XCConfigurationList section */
		1F361F2E2F882FDA00302B87 /* Build configuration list for PBXProject "IOS_CW2_Supportives" */ = {
			isa = XCConfigurationList;
			buildConfigurations = (
				1F361F572F882FDC00302B87 /* Debug */,
				1F361F582F882FDC00302B87 /* Release */,
			);
			defaultConfigurationIsVisible = 0;
			defaultConfigurationName = Release;
		};
		1F361F592F882FDC00302B87 /* Build configuration list for PBXNativeTarget "IOS_CW2_Supportives" */ = {
			isa = XCConfigurationList;
			buildConfigurations = (
				1F361F5A2F882FDC00302B87 /* Debug */,
				1F361F5B2F882FDC00302B87 /* Release */,
			);
			defaultConfigurationIsVisible = 0;
			defaultConfigurationName = Release;
		};
		1F361F5C2F882FDC00302B87 /* Build configuration list for PBXNativeTarget "IOS_CW2_SupportivesTests" */ = {
			isa = XCConfigurationList;
			buildConfigurations = (
				1F361F5D2F882FDC00302B87 /* Debug */,
				1F361F5E2F882FDC00302B87 /* Release */,
			);
			defaultConfigurationIsVisible = 0;
			defaultConfigurationName = Release;
		};
		1F361F5F2F882FDC00302B87 /* Build configuration list for PBXNativeTarget "IOS_CW2_SupportivesUITests" */ = {
			isa = XCConfigurationList;
			buildConfigurations = (
				1F361F602F882FDC00302B87 /* Debug */,
				1F361F612F882FDC00302B87 /* Release */,
			);
			defaultConfigurationIsVisible = 0;
			defaultConfigurationName = Release;
		};
/* End XCConfigurationList section */
	};
	rootObject = 1F361F2B2F882FDA00302B87 /* Project object */;
}
